
Microsoft Visual Studio Solution File, Format Version 12.00
# Visual Studio 15
VisualStudioVersion = 15.0.28307.1684
MinimumVisualStudioVersion = 10.0.40219.1
Project("{8BC9CEB8-8B4A-11D0-8D11-00A0C91BC942}") = "Sort", "Sort\Sort.vcxproj", "{062C8057-5EC5-4288-820A-98DB414E994E}"
EndProject
Project("{8BC9CEB8-8B4A-11D0-8D11-00A0C91BC942}") = "List", "List\List.vcxproj", "{213715B4-C2F1-4FC3-AEB4-B22C1ED470BE}"
EndProject
Project("{8BC9CEB8-8B4A-11D0-8D11-00A0C91BC942}") = "BinaryTree", "BinaryTree\BinaryTree.vcxproj", "{DAC00EF0-42FB-4270-82D3-9878586E08AE}"
EndProject
Project("{8BC9CEB8-8B4A-11D0-8D11-00A0C91BC942}") = "Graph", "Graph\Graph.vcxproj", "{7EF214FE-39A1-46A7-A57C-51D432457AC3}"
EndProject
Project("{8BC9CEB8-8B4A-11D0-8D11-00A0C91BC942}") = "TrieTree", "TrieTree\TrieTree.vcxproj", "{75D283CF-F0E7-4D5E-A55D-51F741E961C5}"
EndProject
Project("{8BC9CEB8-8B4A-11D0-8D11-00A0C91BC942}") = "Greedy", "Greedy\Greedy.vcxproj", "{939F65B4-37BF-4A6B-93AD-2078DD06403A}"
EndProject
Project("{8BC9CEB8-8B4A-11D0-8D11-00A0C91BC942}") = "PriorityQueue", "PriorityQueue\PriorityQueue.vcxproj", "{1527A423-EC07-410C-A56A-B83180966C2E}"
EndProject
Project("{8BC9CEB8-8B4A-11D0-8D11-00A0C91BC942}") = "Backtrack", "Backtrack\Backtrack.vcxproj", "{62EC3AAB-AFD1-42BB-BA5B-CDB55B403F66}"
EndProject
Project("{8BC9CEB8-8B4A-11D0-8D11-00A0C91BC942}") = "Exam", "Exam\Exam.vcxproj", "{639D4442-E935-4BF4-9397-EC3A3447119E}"
EndProject
Project("{2150E333-8FDC-42A3-9474-1A3956D46DE8}") = "Solution Items", "Solution Items", "{FFDAA2A2-EF61-4CA9-8AF8-5519D17C066A}"
	ProjectSection(SolutionItems) = preProject
		TextFile1.txt = TextFile1.txt
	EndProjectSection
EndProject
Global
	GlobalSection(SolutionConfigurationPlatforms) = preSolution
		Debug|x64 = Debug|x64
		Debug|x86 = Debug|x86
		Release|x64 = Release|x64
		Release|x86 = Release|x86
	EndGlobalSection
	GlobalSection(ProjectConfigurationPlatforms) = postSolution
		{062C8057-5EC5-4288-820A-98DB414E994E}.Debug|x64.ActiveCfg = Debug|x64
		{062C8057-5EC5-4288-820A-98DB414E994E}.Debug|x64.Build.0 = Debug|x64
		{062C8057-5EC5-4288-820A-98DB414E994E}.Debug|x86.ActiveCfg = Debug|Win32
		{062C8057-5EC5-4288-820A-98DB414E994E}.Debug|x86.Build.0 = Debug|Win32
		{062C8057-5EC5-4288-820A-98DB414E994E}.Release|x64.ActiveCfg = Release|x64
		{062C8057-5EC5-4288-820A-98DB414E994E}.Release|x64.Build.0 = Release|x64
		{062C8057-5EC5-4288-820A-98DB414E994E}.Release|x86.ActiveCfg = Release|Win32
		{062C8057-5EC5-4288-820A-98DB414E994E}.Release|x86.Build.0 = Release|Win32
		{213715B4-C2F1-4FC3-AEB4-B22C1ED470BE}.Debug|x64.ActiveCfg = Debug|x64
		{213715B4-C2F1-4FC3-AEB4-B22C1ED470BE}.Debug|x64.Build.0 = Debug|x64
		{213715B4-C2F1-4FC3-AEB4-B22C1ED470BE}.Debug|x86.ActiveCfg = Debug|Win32
		{213715B4-C2F1-4FC3-AEB4-B22C1ED470BE}.Debug|x86.Build.0 = Debug|Win32
		{213715B4-C2F1-4FC3-AEB4-B22C1ED470BE}.Release|x64.ActiveCfg = Release|x64
		{213715B4-C2F1-4FC3-AEB4-B22C1ED470BE}.Release|x64.Build.0 = Release|x64
		{213715B4-C2F1-4FC3-AEB4-B22C1ED470BE}.Release|x86.ActiveCfg = Release|Win32
		{213715B4-C2F1-4FC3-AEB4-B22C1ED470BE}.Release|x86.Build.0 = Release|Win32
		{DAC00EF0-42FB-4270-82D3-9878586E08AE}.Debug|x64.ActiveCfg = Debug|x64
		{DAC00EF0-42FB-4270-82D3-9878586E08AE}.Debug|x64.Build.0 = Debug|x64
		{DAC00EF0-42FB-4270-82D3-9878586E08AE}.Debug|x86.ActiveCfg = Debug|Win32
		{DAC00EF0-42FB-4270-82D3-9878586E08AE}.Debug|x86.Build.0 = Debug|Win32
		{DAC00EF0-42FB-4270-82D3-9878586E08AE}.Release|x64.ActiveCfg = Release|x64
		{DAC00EF0-42FB-4270-82D3-9878586E08AE}.Release|x64.Build.0 = Release|x64
		{DAC00EF0-42FB-4270-82D3-9878586E08AE}.Release|x86.ActiveCfg = Release|Win32
		{DAC00EF0-42FB-4270-82D3-9878586E08AE}.Release|x86.Build.0 = Release|Win32
		{7EF214FE-39A1-46A7-A57C-51D432457AC3}.Debug|x64.ActiveCfg = Debug|x64
		{7EF214FE-39A1-46A7-A57C-51D432457AC3}.Debug|x64.Build.0 = Debug|x64
		{7EF214FE-39A1-46A7-A57C-51D432457AC3}.Debug|x86.ActiveCfg = Debug|Win32
		{7EF214FE-39A1-46A7-A57C-51D432457AC3}.Debug|x86.Build.0 = Debug|Win32
		{7EF214FE-39A1-46A7-A57C-51D432457AC3}.Release|x64.ActiveCfg = Release|x64
		{7EF214FE-39A1-46A7-A57C-51D432457AC3}.Release|x64.Build.0 = Release|x64
		{7EF214FE-39A1-46A7-A57C-51D432457AC3}.Release|x86.ActiveCfg = Release|Win32
		{7EF214FE-39A1-46A7-A57C-51D432457AC3}.Release|x86.Build.0 = Release|Win32
		{75D283CF-F0E7-4D5E-A55D-51F741E961C5}.Debug|x64.ActiveCfg = Debug|x64
		{75D283CF-F0E7-4D5E-A55D-51F741E961C5}.Debug|x64.Build.0 = Debug|x64
		{75D283CF-F0E7-4D5E-A55D-51F741E961C5}.Debug|x86.ActiveCfg = Debug|Win32
		{75D283CF-F0E7-4D5E-A55D-51F741E961C5}.Debug|x86.Build.0 = Debug|Win32
		{75D283CF-F0E7-4D5E-A55D-51F741E961C5}.Release|x64.ActiveCfg = Release|x64
		{75D283CF-F0E7-4D5E-A55D-51F741E961C5}.Release|x64.Build.0 = Release|x64
		{75D283CF-F0E7-4D5E-A55D-51F741E961C5}.Release|x86.ActiveCfg = Release|Win32
		{75D283CF-F0E7-4D5E-A55D-51F741E961C5}.Release|x86.Build.0 = Release|Win32
		{939F65B4-37BF-4A6B-93AD-2078DD06403A}.Debug|x64.ActiveCfg = Debug|x64
		{939F65B4-37BF-4A6B-93AD-2078DD06403A}.Debug|x64.Build.0 = Debug|x64
		{939F65B4-37BF-4A6B-93AD-2078DD06403A}.Debug|x86.ActiveCfg = Debug|Win32
		{939F65B4-37BF-4A6B-93AD-2078DD06403A}.Debug|x86.Build.0 = Debug|Win32
		{939F65B4-37BF-4A6B-93AD-2078DD06403A}.Release|x64.ActiveCfg = Release|x64
		{939F65B4-37BF-4A6B-93AD-2078DD06403A}.Release|x64.Build.0 = Release|x64
		{939F65B4-37BF-4A6B-93AD-2078DD06403A}.Release|x86.ActiveCfg = Release|Win32
		{939F65B4-37BF-4A6B-93AD-2078DD06403A}.Release|x86.Build.0 = Release|Win32
		{1527A423-EC07-410C-A56A-B83180966C2E}.Debug|x64.ActiveCfg = Debug|x64
		{1527A423-EC07-410C-A56A-B83180966C2E}.Debug|x64.Build.0 = Debug|x64
		{1527A423-EC07-410C-A56A-B83180966C2E}.Debug|x86.ActiveCfg = Debug|Win32
		{1527A423-EC07-410C-A56A-B83180966C2E}.Debug|x86.Build.0 = Debug|Win32
		{1527A423-EC07-410C-A56A-B83180966C2E}.Release|x64.ActiveCfg = Release|x64
		{1527A423-EC07-410C-A56A-B83180966C2E}.Release|x64.Build.0 = Release|x64
		{1527A423-EC07-410C-A56A-B83180966C2E}.Release|x86.ActiveCfg = Release|Win32
		{1527A423-EC07-410C-A56A-B83180966C2E}.Release|x86.Build.0 = Release|Win32
		{62EC3AAB-AFD1-42BB-BA5B-CDB55B403F66}.Debug|x64.ActiveCfg = Debug|x64
		{62EC3AAB-AFD1-42BB-BA5B-CDB55B403F66}.Debug|x64.Build.0 = Debug|x64
		{62EC3AAB-AFD1-42BB-BA5B-CDB55B403F66}.Debug|x86.ActiveCfg = Debug|Win32
		{62EC3AAB-AFD1-42BB-BA5B-CDB55B403F66}.Debug|x86.Build.0 = Debug|Win32
		{62EC3AAB-AFD1-42BB-BA5B-CDB55B403F66}.Release|x64.ActiveCfg = Release|x64
		{62EC3AAB-AFD1-42BB-BA5B-CDB55B403F66}.Release|x64.Build.0 = Release|x64
		{62EC3AAB-AFD1-42BB-BA5B-CDB55B403F66}.Release|x86.ActiveCfg = Release|Win32
		{62EC3AAB-AFD1-42BB-BA5B-CDB55B403F66}.Release|x86.Build.0 = Release|Win32
		{639D4442-E935-4BF4-9397-EC3A3447119E}.Debug|x64.ActiveCfg = Debug|x64
		{639D4442-E935-4BF4-9397-EC3A3447119E}.Debug|x64.Build.0 = Debug|x64
		{639D4442-E935-4BF4-9397-EC3A3447119E}.Debug|x86.ActiveCfg = Debug|Win32
		{639D4442-E935-4BF4-9397-EC3A3447119E}.Debug|x86.Build.0 = Debug|Win32
		{639D4442-E935-4BF4-9397-EC3A3447119E}.Release|x64.ActiveCfg = Release|x64
		{639D4442-E935-4BF4-9397-EC3A3447119E}.Release|x64.Build.0 = Release|x64
		{639D4442-E935-4BF4-9397-EC3A3447119E}.Release|x86.ActiveCfg = Release|Win32
		{639D4442-E935-4BF4-9397-EC3A3447119E}.Release|x86.Build.0 = Release|Win32
	EndGlobalSection
	GlobalSection(SolutionProperties) = preSolution
		HideSolutionNode = FALSE
	EndGlobalSection
	GlobalSection(ExtensibilityGlobals) = postSolution
		SolutionGuid = {95C4DCD2-B266-41A0-9889-4CCBBDFE4A11}
	EndGlobalSection
EndGlobal
